// !$*UTF8*$!
{
	archiveVersion = 1;
	classes = {
	};
	objectVersion = 50;
	objects = {

/* Begin PBXBuildFile section */
		C4DAC7C024BE105900A389D6 /* AppDelegate.swift in Sources */ = {isa = PBXBuildFile; fileRef = C4DAC7BF24BE105900A389D6 /* AppDelegate.swift */; };
		C4DAC7C224BE105900A389D6 /* SceneDelegate.swift in Sources */ = {isa = PBXBuildFile; fileRef = C4DAC7C124BE105900A389D6 /* SceneDelegate.swift */; };
		C4DAC7C424BE105900A389D6 /* ViewController.swift in Sources */ = {isa = PBXBuildFile; fileRef = C4DAC7C324BE105900A389D6 /* ViewController.swift */; };
		C4DAC7C724BE105900A389D6 /* Main.storyboard in Resources */ = {isa = PBXBuildFile; fileRef = C4DAC7C524BE105900A389D6 /* Main.storyboard */; };
		C4DAC7C924BE105B00A389D6 /* Assets.xcassets in Resources */ = {isa = PBXBuildFile; fileRef = C4DAC7C824BE105B00A389D6 /* Assets.xcassets */; };
		C4DAC7CC24BE105B00A389D6 /* LaunchScreen.storyboard in Resources */ = {isa = PBXBuildFile; fileRef = C4DAC7CA24BE105B00A389D6 /* LaunchScreen.storyboard */; };
		C4DAC7D724BE105B00A389D6 /* iostasksTests.swift in Sources */ = {isa = PBXBuildFile; fileRef = C4DAC7D624BE105B00A389D6 /* iostasksTests.swift */; };
		C4DAC7E224BE105B00A389D6 /* iostasksUITests.swift in Sources */ = {isa = PBXBuildFile; fileRef = C4DAC7E124BE105B00A389D6 /* iostasksUITests.swift */; };
/* End PBXBuildFile section */

/* Begin PBXContainerItemProxy section */
		C4DAC7D324BE105B00A389D6 /* PBXContainerItemProxy */ = {
			isa = PBXContainerItemProxy;
			containerPortal = C4DAC7B424BE105900A389D6 /* Project object */;
			proxyType = 1;
			remoteGlobalIDString = C4DAC7BB24BE105900A389D6;
			remoteInfo = iostasks;
		};
		C4DAC7DE24BE105B00A389D6 /* PBXContainerItemProxy */ = {
			isa = PBXContainerItemProxy;
			containerPortal = C4DAC7B424BE105900A389D6 /* Project object */;
			proxyType = 1;
			remoteGlobalIDString = C4DAC7BB24BE105900A389D6;
			remoteInfo = iostasks;
		};
/* End PBXContainerItemProxy section */

/* Begin PBXFileReference section */
		C4DAC7BC24BE105900A389D6 /* iostasks.app */ = {isa = PBXFileReference; explicitFileType = wrapper.application; includeInIndex = 0; path = iostasks.app; sourceTree = BUILT_PRODUCTS_DIR; };
		C4DAC7BF24BE105900A389D6 /* AppDelegate.swift */ = {isa = PBXFileReference; lastKnownFileType = sourcecode.swift; path = AppDelegate.swift; sourceTree = "<group>"; };
		C4DAC7C124BE105900A389D6 /* SceneDelegate.swift */ = {isa = PBXFileReference; lastKnownFileType = sourcecode.swift; path = SceneDelegate.swift; sourceTree = "<group>"; };
		C4DAC7C324BE105900A389D6 /* ViewController.swift */ = {isa = PBXFileReference; lastKnownFileType = sourcecode.swift; path = ViewController.swift; sourceTree = "<group>"; };
		C4DAC7C624BE105900A389D6 /* Base */ = {isa = PBXFileReference; lastKnownFileType = file.storyboard; name = Base; path = Base.lproj/Main.storyboard; sourceTree = "<group>"; };
		C4DAC7C824BE105B00A389D6 /* Assets.xcassets */ = {isa = PBXFileReference; lastKnownFileType = folder.assetcatalog; path = Assets.xcassets; sourceTree = "<group>"; };
		C4DAC7CB24BE105B00A389D6 /* Base */ = {isa = PBXFileReference; lastKnownFileType = file.storyboard; name = Base; path = Base.lproj/LaunchScreen.storyboard; sourceTree = "<group>"; };
		C4DAC7CD24BE105B00A389D6 /* Info.plist */ = {isa = PBXFileReference; lastKnownFileType = text.plist.xml; path = Info.plist; sourceTree = "<group>"; };
		C4DAC7D224BE105B00A389D6 /* iostasksTests.xctest */ = {isa = PBXFileReference; explicitFileType = wrapper.cfbundle; includeInIndex = 0; path = iostasksTests.xctest; sourceTree = BUILT_PRODUCTS_DIR; };
		C4DAC7D624BE105B00A389D6 /* iostasksTests.swift */ = {isa = PBXFileReference; lastKnownFileType = sourcecode.swift; path = iostasksTests.swift; sourceTree = "<group>"; };
		C4DAC7D824BE105B00A389D6 /* Info.plist */ = {isa = PBXFileReference; lastKnownFileType = text.plist.xml; path = Info.plist; sourceTree = "<group>"; };
		C4DAC7DD24BE105B00A389D6 /* iostasksUITests.xctest */ = {isa = PBXFileReference; explicitFileType = wrapper.cfbundle; includeInIndex = 0; path = iostasksUITests.xctest; sourceTree = BUILT_PRODUCTS_DIR; };
		C4DAC7E124BE105B00A389D6 /* iostasksUITests.swift */ = {isa = PBXFileReference; lastKnownFileType = sourcecode.swift; path = iostasksUITests.swift; sourceTree = "<group>"; };
		C4DAC7E324BE105B00A389D6 /* Info.plist */ = {isa = PBXFileReference; lastKnownFileType = text.plist.xml; path = Info.plist; sourceTree = "<group>"; };
/* End PBXFileReference section */

/* Begin PBXFrameworksBuildPhase section */
		C4DAC7B924BE105900A389D6 /* Frameworks */ = {
			isa = PBXFrameworksBuildPhase;
			buildActionMask = 2147483647;
			files = (
			);
			runOnlyForDeploymentPostprocessing = 0;
		};
		C4DAC7CF24BE105B00A389D6 /* Frameworks */ = {
			isa = PBXFrameworksBuildPhase;
			buildActionMask = 2147483647;
			files = (
			);
			runOnlyForDeploymentPostprocessing = 0;
		};
		C4DAC7DA24BE105B00A389D6 /* Frameworks */ = {
			isa = PBXFrameworksBuildPhase;
			buildActionMask = 2147483647;
			files = (
			);
			runOnlyForDeploymentPostprocessing = 0;
		};
/* End PBXFrameworksBuildPhase section */

/* Begin PBXGroup section */
		C4DAC7B324BE105900A389D6 = {
			isa = PBXGroup;
			children = (
				C4DAC7BE24BE105900A389D6 /* iostasks */,
				C4DAC7D524BE105B00A389D6 /* iostasksTests */,
				C4DAC7E024BE105B00A389D6 /* iostasksUITests */,
				C4DAC7BD24BE105900A389D6 /* Products */,
			);
			sourceTree = "<group>";
		};
		C4DAC7BD24BE105900A389D6 /* Products */ = {
			isa = PBXGroup;
			children = (
				C4DAC7BC24BE105900A389D6 /* iostasks.app */,
				C4DAC7D224BE105B00A389D6 /* iostasksTests.xctest */,
				C4DAC7DD24BE105B00A389D6 /* iostasksUITests.xctest */,
			);
			name = Products;
			sourceTree = "<group>";
		};
		C4DAC7BE24BE105900A389D6 /* iostasks */ = {
			isa = PBXGroup;
			children = (
				C4DAC7BF24BE105900A389D6 /* AppDelegate.swift */,
				C4DAC7C124BE105900A389D6 /* SceneDelegate.swift */,
				C4DAC7C324BE105900A389D6 /* ViewController.swift */,
				C4DAC7C524BE105900A389D6 /* Main.storyboard */,
				C4DAC7C824BE105B00A389D6 /* Assets.xcassets */,
				C4DAC7CA24BE105B00A389D6 /* LaunchScreen.storyboard */,
				C4DAC7CD24BE105B00A389D6 /* Info.plist */,
			);
			path = iostasks;
			sourceTree = "<group>";
		};
		C4DAC7D524BE105B00A389D6 /* iostasksTests */ = {
			isa = PBXGroup;
			children = (
				C4DAC7D624BE105B00A389D6 /* iostasksTests.swift */,
				C4DAC7D824BE105B00A389D6 /* Info.plist */,
			);
			path = iostasksTests;
			sourceTree = "<group>";
		};
		C4DAC7E024BE105B00A389D6 /* iostasksUITests */ = {
			isa = PBXGroup;
			children = (
				C4DAC7E124BE105B00A389D6 /* iostasksUITests.swift */,
				C4DAC7E324BE105B00A389D6 /* Info.plist */,
			);
			path = iostasksUITests;
			sourceTree = "<group>";
		};
/* End PBXGroup section */

/* Begin PBXNativeTarget section */
		C4DAC7BB24BE105900A389D6 /* iostasks */ = {
			isa = PBXNativeTarget;
			buildConfigurationList = C4DAC7E624BE105B00A389D6 /* Build configuration list for PBXNativeTarget "iostasks" */;
			buildPhases = (
				C4DAC7B824BE105900A389D6 /* Sources */,
				C4DAC7B924BE105900A389D6 /* Frameworks */,
				C4DAC7BA24BE105900A389D6 /* Resources */,
			);
			buildRules = (
			);
			dependencies = (
			);
			name = iostasks;
			productName = iostasks;
			productReference = C4DAC7BC24BE105900A389D6 /* iostasks.app */;
			productType = "com.apple.product-type.application";
		};
		C4DAC7D124BE105B00A389D6 /* iostasksTests */ = {
			isa = PBXNativeTarget;
			buildConfigurationList = C4DAC7E924BE105B00A389D6 /* Build configuration list for PBXNativeTarget "iostasksTests" */;
			buildPhases = (
				C4DAC7CE24BE105B00A389D6 /* Sources */,
				C4DAC7CF24BE105B00A389D6 /* Frameworks */,
				C4DAC7D024BE105B00A389D6 /* Resources */,
			);
			buildRules = (
			);
			dependencies = (
				C4DAC7D424BE105B00A389D6 /* PBXTargetDependency */,
			);
			name = iostasksTests;
			productName = iostasksTests;
			productReference = C4DAC7D224BE105B00A389D6 /* iostasksTests.xctest */;
			productType = "com.apple.product-type.bundle.unit-test";
		};
		C4DAC7DC24BE105B00A389D6 /* iostasksUITests */ = {
			isa = PBXNativeTarget;
			buildConfigurationList = C4DAC7EC24BE105B00A389D6 /* Build configuration list for PBXNativeTarget "iostasksUITests" */;
			buildPhases = (
				C4DAC7D924BE105B00A389D6 /* Sources */,
				C4DAC7DA24BE105B00A389D6 /* Frameworks */,
				C4DAC7DB24BE105B00A389D6 /* Resources */,
			);
			buildRules = (
			);
			dependencies = (
				C4DAC7DF24BE105B00A389D6 /* PBXTargetDependency */,
			);
			name = iostasksUITests;
			productName = iostasksUITests;
			productReference = C4DAC7DD24BE105B00A389D6 /* iostasksUITests.xctest */;
			productType = "com.apple.product-type.bundle.ui-testing";
		};
/* End PBXNativeTarget section */

/* Begin PBXProject section */
		C4DAC7B424BE105900A389D6 /* Project object */ = {
			isa = PBXProject;
			attributes = {
				LastSwiftUpdateCheck = 1150;
				LastUpgradeCheck = 1150;
				ORGANIZATIONNAME = "derek quinn";
				TargetAttributes = {
					C4DAC7BB24BE105900A389D6 = {
						CreatedOnToolsVersion = 11.5;
					};
					C4DAC7D124BE105B00A389D6 = {
						CreatedOnToolsVersion = 11.5;
						TestTargetID = C4DAC7BB24BE105900A389D6;
					};
					C4DAC7DC24BE105B00A389D6 = {
						CreatedOnToolsVersion = 11.5;
						TestTargetID = C4DAC7BB24BE105900A389D6;
					};
				};
			};
			buildConfigurationList = C4DAC7B724BE105900A389D6 /* Build configuration list for PBXProject "iostasks" */;
			compatibilityVersion = "Xcode 9.3";
			developmentRegion = en;
			hasScannedForEncodings = 0;
			knownRegions = (
				en,
				Base,
			);
			mainGroup = C4DAC7B324BE105900A389D6;
			productRefGroup = C4DAC7BD24BE105900A389D6 /* Products */;
			projectDirPath = "";
			projectRoot = "";
			targets = (
				C4DAC7BB24BE105900A389D6 /* iostasks */,
				C4DAC7D124BE105B00A389D6 /* iostasksTests */,
				C4DAC7DC24BE105B00A389D6 /* iostasksUITests */,
			);
		};
/* End PBXProject section */

/* Begin PBXResourcesBuildPhase section */
		C4DAC7BA24BE105900A389D6 /* Resources */ = {
			isa = PBXResourcesBuildPhase;
			buildActionMask = 2147483647;
			files = (
				C4DAC7CC24BE105B00A389D6 /* LaunchScreen.storyboard in Resources */,
				C4DAC7C924BE105B00A389D6 /* Assets.xcassets in Resources */,
				C4DAC7C724BE105900A389D6 /* Main.storyboard in Resources */,
			);
			runOnlyForDeploymentPostprocessing = 0;
		};
		C4DAC7D024BE105B00A389D6 /* Resources */ = {
			isa = PBXResourcesBuildPhase;
			buildActionMask = 2147483647;
			files = (
			);
			runOnlyForDeploymentPostprocessing = 0;
		};
		C4DAC7DB24BE105B00A389D6 /* Resources */ = {
			isa = PBXResourcesBuildPhase;
			buildActionMask = 2147483647;
			files = (
			);
			runOnlyForDeploymentPostprocessing = 0;
		};
/* End PBXResourcesBuildPhase section */

/* Begin PBXSourcesBuildPhase section */
		C4DAC7B824BE105900A389D6 /* Sources */ = {
			isa = PBXSourcesBuildPhase;
			buildActionMask = 2147483647;
			files = (
				C4DAC7C424BE105900A389D6 /* ViewController.swift in Sources */,
				C4DAC7C024BE105900A389D6 /* AppDelegate.swift in Sources */,
				C4DAC7C224BE105900A389D6 /* SceneDelegate.swift in Sources */,
			);
			runOnlyForDeploymentPostprocessing = 0;
		};
		C4DAC7CE24BE105B00A389D6 /* Sources */ = {
			isa = PBXSourcesBuildPhase;
			buildActionMask = 2147483647;
			files = (
				C4DAC7D724BE105B00A389D6 /* iostasksTests.swift in Sources */,
			);
			runOnlyForDeploymentPostprocessing = 0;
		};
		C4DAC7D924BE105B00A389D6 /* Sources */ = {
			isa = PBXSourcesBuildPhase;
			buildActionMask = 2147483647;
			files = (
				C4DAC7E224BE105B00A389D6 /* iostasksUITests.swift in Sources */,
			);
			runOnlyForDeploymentPostprocessing = 0;
		};
/* End PBXSourcesBuildPhase section */

/* Begin PBXTargetDependency section */
		C4DAC7D424BE105B00A389D6 /* PBXTargetDependency */ = {
			isa = PBXTargetDependency;
			target = C4DAC7BB24BE105900A389D6 /* iostasks */;
			targetProxy = C4DAC7D324BE105B00A389D6 /* PBXContainerItemProxy */;
		};
		C4DAC7DF24BE105B00A389D6 /* PBXTargetDependency */ = {
			isa = PBXTargetDependency;
			target = C4DAC7BB24BE105900A389D6 /* iostasks */;
			targetProxy = C4DAC7DE24BE105B00A389D6 /* PBXContainerItemProxy */;
		};
/* End PBXTargetDependency section */

/* Begin PBXVariantGroup section */
		C4DAC7C524BE105900A389D6 /* Main.storyboard */ = {
			isa = PBXVariantGroup;
			children = (
				C4DAC7C624BE105900A389D6 /* Base */,
			);
			name = Main.storyboard;
			sourceTree = "<group>";
		};
		C4DAC7CA24BE105B00A389D6 /* LaunchScreen.storyboard */ = {
			isa = PBXVariantGroup;
			children = (
				C4DAC7CB24BE105B00A389D6 /* Base */,
			);
			name = LaunchScreen.storyboard;
			sourceTree = "<group>";
		};
/* End PBXVariantGroup section */

/* Begin XCBuildConfiguration section */
		C4DAC7E424BE105B00A389D6 /* Debug */ = {
			isa = XCBuildConfiguration;
			buildSettings = {
				ALWAYS_SEARCH_USER_PATHS = NO;
				CLANG_ANALYZER_NONNULL = YES;
				CLANG_ANALYZER_NUMBER_OBJECT_CONVERSION = YES_AGGRESSIVE;
				CLANG_CXX_LANGUAGE_STANDARD = "gnu++14";
				CLANG_CXX_LIBRARY = "libc++";
				CLANG_ENABLE_MODULES = YES;
				CLANG_ENABLE_OBJC_ARC = YES;
				CLANG_ENABLE_OBJC_WEAK = YES;
				CLANG_WARN_BLOCK_CAPTURE_AUTORELEASING = YES;
				CLANG_WARN_BOOL_CONVERSION = YES;
				CLANG_WARN_COMMA = YES;
				CLANG_WARN_CONSTANT_CONVERSION = YES;
				CLANG_WARN_DEPRECATED_OBJC_IMPLEMENTATIONS = YES;
				CLANG_WARN_DIRECT_OBJC_ISA_USAGE = YES_ERROR;
				CLANG_WARN_DOCUMENTATION_COMMENTS = YES;
				CLANG_WARN_EMPTY_BODY = YES;
				CLANG_WARN_ENUM_CONVERSION = YES;
				CLANG_WARN_INFINITE_RECURSION = YES;
				CLANG_WARN_INT_CONVERSION = YES;
				CLANG_WARN_NON_LITERAL_NULL_CONVERSION = YES;
				CLANG_WARN_OBJC_IMPLICIT_RETAIN_SELF = YES;
				CLANG_WARN_OBJC_LITERAL_CONVERSION = YES;
				CLANG_WARN_OBJC_ROOT_CLASS = YES_ERROR;
				CLANG_WARN_RANGE_LOOP_ANALYSIS = YES;
				CLANG_WARN_STRICT_PROTOTYPES = YES;
				CLANG_WARN_SUSPICIOUS_MOVE = YES;
				CLANG_WARN_UNGUARDED_AVAILABILITY = YES_AGGRESSIVE;
				CLANG_WARN_UNREACHABLE_CODE = YES;
				CLANG_WARN__DUPLICATE_METHOD_MATCH = YES;
				COPY_PHASE_STRIP = NO;
				DEBUG_INFORMATION_FORMAT = dwarf;
				ENABLE_STRICT_OBJC_MSGSEND = YES;
				ENABLE_TESTABILITY = YES;
				GCC_C_LANGUAGE_STANDARD = gnu11;
				GCC_DYNAMIC_NO_PIC = NO;
				GCC_NO_COMMON_BLOCKS = YES;
				GCC_OPTIMIZATION_LEVEL = 0;
				GCC_PREPROCESSOR_DEFINITIONS = (
					"DEBUG=1",
					"$(inherited)",
				);
				GCC_WARN_64_TO_32_BIT_CONVERSION = YES;
				GCC_WARN_ABOUT_RETURN_TYPE = YES_ERROR;
				GCC_WARN_UNDECLARED_SELECTOR = YES;
				GCC_WARN_UNINITIALIZED_AUTOS = YES_AGGRESSIVE;
				GCC_WARN_UNUSED_FUNCTION = YES;
				GCC_WARN_UNUSED_VARIABLE = YES;
				IPHONEOS_DEPLOYMENT_TARGET = 13.5;
				MTL_ENABLE_DEBUG_INFO = INCLUDE_SOURCE;
				MTL_FAST_MATH = YES;
				ONLY_ACTIVE_ARCH = YES;
				SDKROOT = iphoneos;
				SWIFT_ACTIVE_COMPILATION_CONDITIONS = DEBUG;
				SWIFT_OPTIMIZATION_LEVEL = "-Onone";
			};
			name = Debug;
		};
		C4DAC7E524BE105B00A389D6 /* Release */ = {
			isa = XCBuildConfiguration;
			buildSettings = {
				ALWAYS_SEARCH_USER_PATHS = NO;
				CLANG_ANALYZER_NONNULL = YES;
				CLANG_ANALYZER_NUMBER_OBJECT_CONVERSION = YES_AGGRESSIVE;
				CLANG_CXX_LANGUAGE_STANDARD = "gnu++14";
				CLANG_CXX_LIBRARY = "libc++";
				CLANG_ENABLE_MODULES = YES;
				CLANG_ENABLE_OBJC_ARC = YES;
				CLANG_ENABLE_OBJC_WEAK = YES;
				CLANG_WARN_BLOCK_CAPTURE_AUTORELEASING = YES;
				CLANG_WARN_BOOL_CONVERSION = YES;
				CLANG_WARN_COMMA = YES;
				CLANG_WARN_CONSTANT_CONVERSION = YES;
				CLANG_WARN_DEPRECATED_OBJC_IMPLEMENTATIONS = YES;
				CLANG_WARN_DIRECT_OBJC_ISA_USAGE = YES_ERROR;
				CLANG_WARN_DOCUMENTATION_COMMENTS = YES;
				CLANG_WARN_EMPTY_BODY = YES;
				CLANG_WARN_ENUM_CONVERSION = YES;
				CLANG_WARN_INFINITE_RECURSION = YES;
				CLANG_WARN_INT_CONVERSION = YES;
				CLANG_WARN_NON_LITERAL_NULL_CONVERSION = YES;
				CLANG_WARN_OBJC_IMPLICIT_RETAIN_SELF = YES;
				CLANG_WARN_OBJC_LITERAL_CONVERSION = YES;
				CLANG_WARN_OBJC_ROOT_CLASS = YES_ERROR;
				CLANG_WARN_RANGE_LOOP_ANALYSIS = YES;
				CLANG_WARN_STRICT_PROTOTYPES = YES;
				CLANG_WARN_SUSPICIOUS_MOVE = YES;
				CLANG_WARN_UNGUARDED_AVAILABILITY = YES_AGGRESSIVE;
				CLANG_WARN_UNREACHABLE_CODE = YES;
				CLANG_WARN__DUPLICATE_METHOD_MATCH = YES;
				COPY_PHASE_STRIP = NO;
				DEBUG_INFORMATION_FORMAT = "dwarf-with-dsym";
				ENABLE_NS_ASSERTIONS = NO;
				ENABLE_STRICT_OBJC_MSGSEND = YES;
				GCC_C_LANGUAGE_STANDARD = gnu11;
				GCC_NO_COMMON_BLOCKS = YES;
				GCC_WARN_64_TO_32_BIT_CONVERSION = YES;
				GCC_WARN_ABOUT_RETURN_TYPE = YES_ERROR;
				GCC_WARN_UNDECLARED_SELECTOR = YES;
				GCC_WARN_UNINITIALIZED_AUTOS = YES_AGGRESSIVE;
				GCC_WARN_UNUSED_FUNCTION = YES;
				GCC_WARN_UNUSED_VARIABLE = YES;
				IPHONEOS_DEPLOYMENT_TARGET = 13.5;
				MTL_ENABLE_DEBUG_INFO = NO;
				MTL_FAST_MATH = YES;
				SDKROOT = iphoneos;
				SWIFT_COMPILATION_MODE = wholemodule;
				SWIFT_OPTIMIZATION_LEVEL = "-O";
				VALIDATE_PRODUCT = YES;
			};
			name = Release;
		};
		C4DAC7E724BE105B00A389D6 /* Debug */ = {
			isa = XCBuildConfiguration;
			buildSettings = {
				ASSETCATALOG_COMPILER_APPICON_NAME = AppIcon;
				CODE_SIGN_STYLE = Automatic;
				INFOPLIST_FILE = iostasks/Info.plist;
				LD_RUNPATH_SEARCH_PATHS = (
					"$(inherited)",
					"@executable_path/Frameworks",
				);
				PRODUCT_BUNDLE_IDENTIFIER = com.derekquinn.iostasks;
				PRODUCT_NAME = "$(TARGET_NAME)";
				SWIFT_VERSION = 5.0;
				TARGETED_DEVICE_FAMILY = "1,2";
			};
			name = Debug;
		};
		C4DAC7E824BE105B00A389D6 /* Release */ = {
			isa = XCBuildConfiguration;
			buildSettings = {
				ASSETCATALOG_COMPILER_APPICON_NAME = AppIcon;
				CODE_SIGN_STYLE = Automatic;
				INFOPLIST_FILE = iostasks/Info.plist;
				LD_RUNPATH_SEARCH_PATHS = (
					"$(inherited)",
					"@executable_path/Frameworks",
				);
				PRODUCT_BUNDLE_IDENTIFIER = com.derekquinn.iostasks;
				PRODUCT_NAME = "$(TARGET_NAME)";
				SWIFT_VERSION = 5.0;
				TARGETED_DEVICE_FAMILY = "1,2";
			};
			name = Release;
		};
		C4DAC7EA24BE105B00A389D6 /* Debug */ = {
			isa = XCBuildConfiguration;
			buildSettings = {
				ALWAYS_EMBED_SWIFT_STANDARD_LIBRARIES = YES;
				BUNDLE_LOADER = "$(TEST_HOST)";
				CODE_SIGN_STYLE = Automatic;
				INFOPLIST_FILE = iostasksTests/Info.plist;
				IPHONEOS_DEPLOYMENT_TARGET = 13.5;
				LD_RUNPATH_SEARCH_PATHS = (
					"$(inherited)",
					"@executable_path/Frameworks",
					"@loader_path/Frameworks",
				);
				PRODUCT_BUNDLE_IDENTIFIER = com.derekquinn.iostasksTests;
				PRODUCT_NAME = "$(TARGET_NAME)";
				SWIFT_VERSION = 5.0;
				TARGETED_DEVICE_FAMILY = "1,2";
				TEST_HOST = "$(BUILT_PRODUCTS_DIR)/iostasks.app/iostasks";
			};
			name = Debug;
		};
		C4DAC7EB24BE105B00A389D6 /* Release */ = {
			isa = XCBuildConfiguration;
			buildSettings = {
				ALWAYS_EMBED_SWIFT_STANDARD_LIBRARIES = YES;
				BUNDLE_LOADER = "$(TEST_HOST)";
				CODE_SIGN_STYLE = Automatic;
				INFOPLIST_FILE = iostasksTests/Info.plist;
				IPHONEOS_DEPLOYMENT_TARGET = 13.5;
				LD_RUNPATH_SEARCH_PATHS = (
					"$(inherited)",
					"@executable_path/Frameworks",
					"@loader_path/Frameworks",
				);
				PRODUCT_BUNDLE_IDENTIFIER = com.derekquinn.iostasksTests;
				PRODUCT_NAME = "$(TARGET_NAME)";
				SWIFT_VERSION = 5.0;
				TARGETED_DEVICE_FAMILY = "1,2";
				TEST_HOST = "$(BUILT_PRODUCTS_DIR)/iostasks.app/iostasks";
			};
			name = Release;
		};
		C4DAC7ED24BE105B00A389D6 /* Debug */ = {
			isa = XCBuildConfiguration;
			buildSettings = {
				ALWAYS_EMBED_SWIFT_STANDARD_LIBRARIES = YES;
				CODE_SIGN_STYLE = Automatic;
				INFOPLIST_FILE = iostasksUITests/Info.plist;
				LD_RUNPATH_SEARCH_PATHS = (
					"$(inherited)",
					"@executable_path/Frameworks",
					"@loader_path/Frameworks",
				);
				PRODUCT_BUNDLE_IDENTIFIER = com.derekquinn.iostasksUITests;
				PRODUCT_NAME = "$(TARGET_NAME)";
				SWIFT_VERSION = 5.0;
				TARGETED_DEVICE_FAMILY = "1,2";
				TEST_TARGET_NAME = iostasks;
			};
			name = Debug;
		};
		C4DAC7EE24BE105B00A389D6 /* Release */ = {
			isa = XCBuildConfiguration;
			buildSettings = {
				ALWAYS_EMBED_SWIFT_STANDARD_LIBRARIES = YES;
				CODE_SIGN_STYLE = Automatic;
				INFOPLIST_FILE = iostasksUITests/Info.plist;
				LD_RUNPATH_SEARCH_PATHS = (
					"$(inherited)",
					"@executable_path/Frameworks",
					"@loader_path/Frameworks",
				);
				PRODUCT_BUNDLE_IDENTIFIER = com.derekquinn.iostasksUITests;
				PRODUCT_NAME = "$(TARGET_NAME)";
				SWIFT_VERSION = 5.0;
				TARGETED_DEVICE_FAMILY = "1,2";
				TEST_TARGET_NAME = iostasks;
			};
			name = Release;
		};
/* End XCBuildConfiguration section */

/* Begin XCConfigurationList section */
		C4DAC7B724BE105900A389D6 /* Build configuration list for PBXProject "iostasks" */ = {
			isa = XCConfigurationList;
			buildConfigurations = (
				C4DAC7E424BE105B00A389D6 /* Debug */,
				C4DAC7E524BE105B00A389D6 /* Release */,
			);
			defaultConfigurationIsVisible = 0;
			defaultConfigurationName = Release;
		};
		C4DAC7E624BE105B00A389D6 /* Build configuration list for PBXNativeTarget "iostasks" */ = {
			isa = XCConfigurationList;
			buildConfigurations = (
				C4DAC7E724BE105B00A389D6 /* Debug */,
				C4DAC7E824BE105B00A389D6 /* Release */,
			);
			defaultConfigurationIsVisible = 0;
			defaultConfigurationName = Release;
		};
		C4DAC7E924BE105B00A389D6 /* Build configuration list for PBXNativeTarget "iostasksTests" */ = {
			isa = XCConfigurationList;
			buildConfigurations = (
				C4DAC7EA24BE105B00A389D6 /* Debug */,
				C4DAC7EB24BE105B00A389D6 /* Release */,
			);
			defaultConfigurationIsVisible = 0;
			defaultConfigurationName = Release;
		};
		C4DAC7EC24BE105B00A389D6 /* Build configuration list for PBXNativeTarget "iostasksUITests" */ = {
			isa = XCConfigurationList;
			buildConfigurations = (
				C4DAC7ED24BE105B00A389D6 /* Debug */,
				C4DAC7EE24BE105B00A389D6 /* Release */,
			);
			defaultConfigurationIsVisible = 0;
			defaultConfigurationName = Release;
		};
/* End XCConfigurationList section */
	};
	rootObject = C4DAC7B424BE105900A389D6 /* Project object */;
}
